// !$*UTF8*$!
{
	archiveVersion = 1;
	classes = {
	};
	objectVersion = 50;
	objects = {

/* Begin PBXBuildFile section */
		BB45A12A22125DF20081E845 /* NSDictionary+TMSafeUtils.m in Sources */ = {isa = PBXBuildFile; fileRef = BB45A12722125DF20081E845 /* NSDictionary+TMSafeUtils.m */; };
		BB45A12B22125DF20081E845 /* NSArray+TMSafeUtils.m in Sources */ = {isa = PBXBuildFile; fileRef = BB45A12822125DF20081E845 /* NSArray+TMSafeUtils.m */; };
		BB45A12C22125DF20081E845 /* NSString+TMSafeUtils.m in Sources */ = {isa = PBXBuildFile; fileRef = BB45A12922125DF20081E845 /* NSString+TMSafeUtils.m */; };
		BB45A13022125F000081E845 /* TMLazyReusePool.m in Sources */ = {isa = PBXBuildFile; fileRef = BB45A12F22125F000081E845 /* TMLazyReusePool.m */; };
		BB4D2B8E22127258004572A8 /* FRBannerGiftModel.m in Sources */ = {isa = PBXBuildFile; fileRef = BB4D2B8D22127258004572A8 /* FRBannerGiftModel.m */; };
		BB4D2B9122127635004572A8 /* FRBannerNormalCell.m in Sources */ = {isa = PBXBuildFile; fileRef = BB4D2B9022127635004572A8 /* FRBannerNormalCell.m */; };
		BBD4D27A218BE6F100854167 /* AppDelegate.swift in Sources */ = {isa = PBXBuildFile; fileRef = BBD4D279218BE6F100854167 /* AppDelegate.swift */; };
		BBD4D27C218BE6F100854167 /* ViewController.swift in Sources */ = {isa = PBXBuildFile; fileRef = BBD4D27B218BE6F100854167 /* ViewController.swift */; };
		BBD4D27F218BE6F100854167 /* Main.storyboard in Resources */ = {isa = PBXBuildFile; fileRef = BBD4D27D218BE6F100854167 /* Main.storyboard */; };
		BBD4D281218BE6F200854167 /* Assets.xcassets in Resources */ = {isa = PBXBuildFile; fileRef = BBD4D280218BE6F200854167 /* Assets.xcassets */; };
		BBD4D284218BE6F200854167 /* LaunchScreen.storyboard in Resources */ = {isa = PBXBuildFile; fileRef = BBD4D282218BE6F200854167 /* LaunchScreen.storyboard */; };
		BBE743932212BF0D00486FF1 /* FRBannerTestViewController.m in Sources */ = {isa = PBXBuildFile; fileRef = BBE743922212BF0D00486FF1 /* FRBannerTestViewController.m */; };
		BBFA10A02212649A009C8BB5 /* FRBaseBannerCell.m in Sources */ = {isa = PBXBuildFile; fileRef = BBFA109F2212649A009C8BB5 /* FRBaseBannerCell.m */; };
		BBFA10A322126525009C8BB5 /* FRBannerManagerView.m in Sources */ = {isa = PBXBuildFile; fileRef = BBFA10A222126525009C8BB5 /* FRBannerManagerView.m */; };
/* End PBXBuildFile section */

/* Begin PBXFileReference section */
		BB2FC26221ABEFBD00FF6327 /* GiftBanner-Bridging-Header.h */ = {isa = PBXFileReference; lastKnownFileType = sourcecode.c.h; path = "GiftBanner-Bridging-Header.h"; sourceTree = "<group>"; };
		BB3667ED21B627DD00A76F7D /* AVFoundation.framework */ = {isa = PBXFileReference; lastKnownFileType = wrapper.framework; name = AVFoundation.framework; path = System/Library/Frameworks/AVFoundation.framework; sourceTree = SDKROOT; };
		BB45A12322125DF20081E845 /* NSDictionary+TMSafeUtils.h */ = {isa = PBXFileReference; fileEncoding = 4; lastKnownFileType = sourcecode.c.h; path = "NSDictionary+TMSafeUtils.h"; sourceTree = "<group>"; };
		BB45A12422125DF20081E845 /* TMUtils.h */ = {isa = PBXFileReference; fileEncoding = 4; lastKnownFileType = sourcecode.c.h; path = TMUtils.h; sourceTree = "<group>"; };
		BB45A12522125DF20081E845 /* NSString+TMSafeUtils.h */ = {isa = PBXFileReference; fileEncoding = 4; lastKnownFileType = sourcecode.c.h; path = "NSString+TMSafeUtils.h"; sourceTree = "<group>"; };
		BB45A12622125DF20081E845 /* NSArray+TMSafeUtils.h */ = {isa = PBXFileReference; fileEncoding = 4; lastKnownFileType = sourcecode.c.h; path = "NSArray+TMSafeUtils.h"; sourceTree = "<group>"; };
		BB45A12722125DF20081E845 /* NSDictionary+TMSafeUtils.m */ = {isa = PBXFileReference; fileEncoding = 4; lastKnownFileType = sourcecode.c.objc; path = "NSDictionary+TMSafeUtils.m"; sourceTree = "<group>"; };
		BB45A12822125DF20081E845 /* NSArray+TMSafeUtils.m */ = {isa = PBXFileReference; fileEncoding = 4; lastKnownFileType = sourcecode.c.objc; path = "NSArray+TMSafeUtils.m"; sourceTree = "<group>"; };
		BB45A12922125DF20081E845 /* NSString+TMSafeUtils.m */ = {isa = PBXFileReference; fileEncoding = 4; lastKnownFileType = sourcecode.c.objc; path = "NSString+TMSafeUtils.m"; sourceTree = "<group>"; };
		BB45A12E22125F000081E845 /* TMLazyReusePool.h */ = {isa = PBXFileReference; lastKnownFileType = sourcecode.c.h; path = TMLazyReusePool.h; sourceTree = "<group>"; };
		BB45A12F22125F000081E845 /* TMLazyReusePool.m */ = {isa = PBXFileReference; lastKnownFileType = sourcecode.c.objc; path = TMLazyReusePool.m; sourceTree = "<group>"; };
		BB4D2B8C22127258004572A8 /* FRBannerGiftModel.h */ = {isa = PBXFileReference; lastKnownFileType = sourcecode.c.h; path = FRBannerGiftModel.h; sourceTree = "<group>"; };
		BB4D2B8D22127258004572A8 /* FRBannerGiftModel.m */ = {isa = PBXFileReference; lastKnownFileType = sourcecode.c.objc; path = FRBannerGiftModel.m; sourceTree = "<group>"; };
		BB4D2B8F22127635004572A8 /* FRBannerNormalCell.h */ = {isa = PBXFileReference; lastKnownFileType = sourcecode.c.h; path = FRBannerNormalCell.h; sourceTree = "<group>"; };
		BB4D2B9022127635004572A8 /* FRBannerNormalCell.m */ = {isa = PBXFileReference; lastKnownFileType = sourcecode.c.objc; path = FRBannerNormalCell.m; sourceTree = "<group>"; };
		BBD4D276218BE6F100854167 /* GiftBanner.app */ = {isa = PBXFileReference; explicitFileType = wrapper.application; includeInIndex = 0; path = GiftBanner.app; sourceTree = BUILT_PRODUCTS_DIR; };
		BBD4D279218BE6F100854167 /* AppDelegate.swift */ = {isa = PBXFileReference; lastKnownFileType = sourcecode.swift; path = AppDelegate.swift; sourceTree = "<group>"; };
		BBD4D27B218BE6F100854167 /* ViewController.swift */ = {isa = PBXFileReference; lastKnownFileType = sourcecode.swift; path = ViewController.swift; sourceTree = "<group>"; };
		BBD4D27E218BE6F100854167 /* Base */ = {isa = PBXFileReference; lastKnownFileType = file.storyboard; name = Base; path = Base.lproj/Main.storyboard; sourceTree = "<group>"; };
		BBD4D280218BE6F200854167 /* Assets.xcassets */ = {isa = PBXFileReference; lastKnownFileType = folder.assetcatalog; path = Assets.xcassets; sourceTree = "<group>"; };
		BBD4D283218BE6F200854167 /* Base */ = {isa = PBXFileReference; lastKnownFileType = file.storyboard; name = Base; path = Base.lproj/LaunchScreen.storyboard; sourceTree = "<group>"; };
		BBD4D285218BE6F200854167 /* Info.plist */ = {isa = PBXFileReference; lastKnownFileType = text.plist.xml; path = Info.plist; sourceTree = "<group>"; };
		BBE743912212BF0D00486FF1 /* FRBannerTestViewController.h */ = {isa = PBXFileReference; lastKnownFileType = sourcecode.c.h; path = FRBannerTestViewController.h; sourceTree = "<group>"; };
		BBE743922212BF0D00486FF1 /* FRBannerTestViewController.m */ = {isa = PBXFileReference; lastKnownFileType = sourcecode.c.objc; path = FRBannerTestViewController.m; sourceTree = "<group>"; };
		BBFA109E2212649A009C8BB5 /* FRBaseBannerCell.h */ = {isa = PBXFileReference; lastKnownFileType = sourcecode.c.h; path = FRBaseBannerCell.h; sourceTree = "<group>"; };
		BBFA109F2212649A009C8BB5 /* FRBaseBannerCell.m */ = {isa = PBXFileReference; lastKnownFileType = sourcecode.c.objc; path = FRBaseBannerCell.m; sourceTree = "<group>"; };
		BBFA10A122126525009C8BB5 /* FRBannerManagerView.h */ = {isa = PBXFileReference; lastKnownFileType = sourcecode.c.h; path = FRBannerManagerView.h; sourceTree = "<group>"; };
		BBFA10A222126525009C8BB5 /* FRBannerManagerView.m */ = {isa = PBXFileReference; lastKnownFileType = sourcecode.c.objc; path = FRBannerManagerView.m; sourceTree = "<group>"; };
		BBFA10A422126576009C8BB5 /* FRBannerModelProtocol.h */ = {isa = PBXFileReference; lastKnownFileType = sourcecode.c.h; path = FRBannerModelProtocol.h; sourceTree = "<group>"; };
/* End PBXFileReference section */

/* Begin PBXFrameworksBuildPhase section */
		BBD4D273218BE6F100854167 /* Frameworks */ = {
			isa = PBXFrameworksBuildPhase;
			buildActionMask = 2147483647;
			files = (
			);
			runOnlyForDeploymentPostprocessing = 0;
		};
/* End PBXFrameworksBuildPhase section */

/* Begin PBXGroup section */
		BB406C4121A69B9F001ECFEC /* Frameworks */ = {
			isa = PBXGroup;
			children = (
				BB3667ED21B627DD00A76F7D /* AVFoundation.framework */,
			);
			name = Frameworks;
			sourceTree = "<group>";
		};
		BB45A12122125DDE0081E845 /* Vender */ = {
			isa = PBXGroup;
			children = (
				BB45A12222125DF20081E845 /* TMUtils */,
			);
			path = Vender;
			sourceTree = "<group>";
		};
		BB45A12222125DF20081E845 /* TMUtils */ = {
			isa = PBXGroup;
			children = (
				BB45A12322125DF20081E845 /* NSDictionary+TMSafeUtils.h */,
				BB45A12422125DF20081E845 /* TMUtils.h */,
				BB45A12522125DF20081E845 /* NSString+TMSafeUtils.h */,
				BB45A12622125DF20081E845 /* NSArray+TMSafeUtils.h */,
				BB45A12722125DF20081E845 /* NSDictionary+TMSafeUtils.m */,
				BB45A12822125DF20081E845 /* NSArray+TMSafeUtils.m */,
				BB45A12922125DF20081E845 /* NSString+TMSafeUtils.m */,
			);
			path = TMUtils;
			sourceTree = "<group>";
		};
		BB45A12D22125E170081E845 /* GiftBanner */ = {
			isa = PBXGroup;
			children = (
				BBE7438D2212B88900486FF1 /* GiftBannerTest */,
				BB45A12E22125F000081E845 /* TMLazyReusePool.h */,
				BB45A12F22125F000081E845 /* TMLazyReusePool.m */,
				BBFA109E2212649A009C8BB5 /* FRBaseBannerCell.h */,
				BBFA109F2212649A009C8BB5 /* FRBaseBannerCell.m */,
				BB4D2B8F22127635004572A8 /* FRBannerNormalCell.h */,
				BB4D2B9022127635004572A8 /* FRBannerNormalCell.m */,
				BBFA10A122126525009C8BB5 /* FRBannerManagerView.h */,
				BBFA10A222126525009C8BB5 /* FRBannerManagerView.m */,
				BBFA10A422126576009C8BB5 /* FRBannerModelProtocol.h */,
				BB4D2B8C22127258004572A8 /* FRBannerGiftModel.h */,
				BB4D2B8D22127258004572A8 /* FRBannerGiftModel.m */,
			);
			path = GiftBanner;
			sourceTree = "<group>";
		};
		BBD4D26D218BE6F100854167 = {
			isa = PBXGroup;
			children = (
				BBD4D278218BE6F100854167 /* GiftBanner */,
				BBD4D277218BE6F100854167 /* Products */,
				BB406C4121A69B9F001ECFEC /* Frameworks */,
			);
			sourceTree = "<group>";
		};
		BBD4D277218BE6F100854167 /* Products */ = {
			isa = PBXGroup;
			children = (
				BBD4D276218BE6F100854167 /* GiftBanner.app */,
			);
			name = Products;
			sourceTree = "<group>";
		};
		BBD4D278218BE6F100854167 /* GiftBanner */ = {
			isa = PBXGroup;
			children = (
				BB45A12D22125E170081E845 /* GiftBanner */,
				BB45A12122125DDE0081E845 /* Vender */,
				BBD4D279218BE6F100854167 /* AppDelegate.swift */,
				BBD4D27B218BE6F100854167 /* ViewController.swift */,
				BBD4D27D218BE6F100854167 /* Main.storyboard */,
				BBD4D280218BE6F200854167 /* Assets.xcassets */,
				BBD4D282218BE6F200854167 /* LaunchScreen.storyboard */,
				BBD4D285218BE6F200854167 /* Info.plist */,
				BB2FC26221ABEFBD00FF6327 /* GiftBanner-Bridging-Header.h */,
			);
			path = GiftBanner;
			sourceTree = "<group>";
		};
		BBE7438D2212B88900486FF1 /* GiftBannerTest */ = {
			isa = PBXGroup;
			children = (
				BBE743912212BF0D00486FF1 /* FRBannerTestViewController.h */,
				BBE743922212BF0D00486FF1 /* FRBannerTestViewController.m */,
			);
			path = GiftBannerTest;
			sourceTree = "<group>";
		};
/* End PBXGroup section */

/* Begin PBXNativeTarget section */
		BBD4D275218BE6F100854167 /* GiftBanner */ = {
			isa = PBXNativeTarget;
			buildConfigurationList = BBD4D288218BE6F200854167 /* Build configuration list for PBXNativeTarget "GiftBanner" */;
			buildPhases = (
				BBD4D272218BE6F100854167 /* Sources */,
				BBD4D273218BE6F100854167 /* Frameworks */,
				BBD4D274218BE6F100854167 /* Resources */,
			);
			buildRules = (
			);
			dependencies = (
			);
			name = GiftBanner;
			productName = GiftBanner;
			productReference = BBD4D276218BE6F100854167 /* GiftBanner.app */;
			productType = "com.apple.product-type.application";
		};
/* End PBXNativeTarget section */

/* Begin PBXProject section */
		BBD4D26E218BE6F100854167 /* Project object */ = {
			isa = PBXProject;
			attributes = {
				LastSwiftUpdateCheck = 1000;
				LastUpgradeCheck = 1000;
				ORGANIZATIONNAME = Frank_s;
				TargetAttributes = {
					BBD4D275218BE6F100854167 = {
						CreatedOnToolsVersion = 10.0;
						LastSwiftMigration = 1000;
					};
				};
			};
			buildConfigurationList = BBD4D271218BE6F100854167 /* Build configuration list for PBXProject "GiftBanner" */;
			compatibilityVersion = "Xcode 9.3";
			developmentRegion = en;
			hasScannedForEncodings = 0;
			knownRegions = (
				en,
				Base,
			);
			mainGroup = BBD4D26D218BE6F100854167;
			productRefGroup = BBD4D277218BE6F100854167 /* Products */;
			projectDirPath = "";
			projectRoot = "";
			targets = (
				BBD4D275218BE6F100854167 /* GiftBanner */,
			);
		};
/* End PBXProject section */

/* Begin PBXResourcesBuildPhase section */
		BBD4D274218BE6F100854167 /* Resources */ = {
			isa = PBXResourcesBuildPhase;
			buildActionMask = 2147483647;
			files = (
				BBD4D284218BE6F200854167 /* LaunchScreen.storyboard in Resources */,
				BBD4D281218BE6F200854167 /* Assets.xcassets in Resources */,
				BBD4D27F218BE6F100854167 /* Main.storyboard in Resources */,
			);
			runOnlyForDeploymentPostprocessing = 0;
		};
/* End PBXResourcesBuildPhase section */

/* Begin PBXSourcesBuildPhase section */
		BBD4D272218BE6F100854167 /* Sources */ = {
			isa = PBXSourcesBuildPhase;
			buildActionMask = 2147483647;
			files = (
				BB45A12A22125DF20081E845 /* NSDictionary+TMSafeUtils.m in Sources */,
				BBD4D27C218BE6F100854167 /* ViewController.swift in Sources */,
				BBD4D27A218BE6F100854167 /* AppDelegate.swift in Sources */,
				BBE743932212BF0D00486FF1 /* FRBannerTestViewController.m in Sources */,
				BBFA10A322126525009C8BB5 /* FRBannerManagerView.m in Sources */,
				BB45A12C22125DF20081E845 /* NSString+TMSafeUtils.m in Sources */,
				BB45A12B22125DF20081E845 /* NSArray+TMSafeUtils.m in Sources */,
				BBFA10A02212649A009C8BB5 /* FRBaseBannerCell.m in Sources */,
				BB45A13022125F000081E845 /* TMLazyReusePool.m in Sources */,
				BB4D2B9122127635004572A8 /* FRBannerNormalCell.m in Sources */,
				BB4D2B8E22127258004572A8 /* FRBannerGiftModel.m in Sources */,
			);
			runOnlyForDeploymentPostprocessing = 0;
		};
/* End PBXSourcesBuildPhase section */

/* Begin PBXVariantGroup section */
		BBD4D27D218BE6F100854167 /* Main.storyboard */ = {
			isa = PBXVariantGroup;
			children = (
				BBD4D27E218BE6F100854167 /* Base */,
			);
			name = Main.storyboard;
			sourceTree = "<group>";
		};
		BBD4D282218BE6F200854167 /* LaunchScreen.storyboard */ = {
			isa = PBXVariantGroup;
			children = (
				BBD4D283218BE6F200854167 /* Base */,
			);
			name = LaunchScreen.storyboard;
			sourceTree = "<group>";
		};
/* End PBXVariantGroup section */

/* Begin XCBuildConfiguration section */
		BBD4D286218BE6F200854167 /* Debug */ = {
			isa = XCBuildConfiguration;
			buildSettings = {
				ALWAYS_SEARCH_USER_PATHS = NO;
				CLANG_ANALYZER_NONNULL = YES;
				CLANG_ANALYZER_NUMBER_OBJECT_CONVERSION = YES_AGGRESSIVE;
				CLANG_CXX_LANGUAGE_STANDARD = "gnu++14";
				CLANG_CXX_LIBRARY = "libc++";
				CLANG_ENABLE_MODULES = YES;
				CLANG_ENABLE_OBJC_ARC = YES;
				CLANG_ENABLE_OBJC_WEAK = YES;
				CLANG_WARN_BLOCK_CAPTURE_AUTORELEASING = YES;
				CLANG_WARN_BOOL_CONVERSION = YES;
				CLANG_WARN_COMMA = YES;
				CLANG_WARN_CONSTANT_CONVERSION = YES;
				CLANG_WARN_DEPRECATED_OBJC_IMPLEMENTATIONS = YES;
				CLANG_WARN_DIRECT_OBJC_ISA_USAGE = YES_ERROR;
				CLANG_WARN_DOCUMENTATION_COMMENTS = YES;
				CLANG_WARN_EMPTY_BODY = YES;
				CLANG_WARN_ENUM_CONVERSION = YES;
				CLANG_WARN_INFINITE_RECURSION = YES;
				CLANG_WARN_INT_CONVERSION = YES;
				CLANG_WARN_NON_LITERAL_NULL_CONVERSION = YES;
				CLANG_WARN_OBJC_IMPLICIT_RETAIN_SELF = YES;
				CLANG_WARN_OBJC_LITERAL_CONVERSION = YES;
				CLANG_WARN_OBJC_ROOT_CLASS = YES_ERROR;
				CLANG_WARN_RANGE_LOOP_ANALYSIS = YES;
				CLANG_WARN_STRICT_PROTOTYPES = YES;
				CLANG_WARN_SUSPICIOUS_MOVE = YES;
				CLANG_WARN_UNGUARDED_AVAILABILITY = YES_AGGRESSIVE;
				CLANG_WARN_UNREACHABLE_CODE = YES;
				CLANG_WARN__DUPLICATE_METHOD_MATCH = YES;
				CODE_SIGN_IDENTITY = "iPhone Developer";
				COPY_PHASE_STRIP = NO;
				DEBUG_INFORMATION_FORMAT = dwarf;
				ENABLE_STRICT_OBJC_MSGSEND = YES;
				ENABLE_TESTABILITY = YES;
				GCC_C_LANGUAGE_STANDARD = gnu11;
				GCC_DYNAMIC_NO_PIC = NO;
				GCC_NO_COMMON_BLOCKS = YES;
				GCC_OPTIMIZATION_LEVEL = 0;
				GCC_PREPROCESSOR_DEFINITIONS = (
					"DEBUG=1",
					"$(inherited)",
				);
				GCC_WARN_64_TO_32_BIT_CONVERSION = YES;
				GCC_WARN_ABOUT_RETURN_TYPE = YES_ERROR;
				GCC_WARN_UNDECLARED_SELECTOR = YES;
				GCC_WARN_UNINITIALIZED_AUTOS = YES_AGGRESSIVE;
				GCC_WARN_UNUSED_FUNCTION = YES;
				GCC_WARN_UNUSED_VARIABLE = YES;
				IPHONEOS_DEPLOYMENT_TARGET = 12.0;
				MTL_ENABLE_DEBUG_INFO = INCLUDE_SOURCE;
				MTL_FAST_MATH = YES;
				ONLY_ACTIVE_ARCH = YES;
				SDKROOT = iphoneos;
				SWIFT_ACTIVE_COMPILATION_CONDITIONS = DEBUG;
				SWIFT_OPTIMIZATION_LEVEL = "-Onone";
			};
			name = Debug;
		};
		BBD4D287218BE6F200854167 /* Release */ = {
			isa = XCBuildConfiguration;
			buildSettings = {
				ALWAYS_SEARCH_USER_PATHS = NO;
				CLANG_ANALYZER_NONNULL = YES;
				CLANG_ANALYZER_NUMBER_OBJECT_CONVERSION = YES_AGGRESSIVE;
				CLANG_CXX_LANGUAGE_STANDARD = "gnu++14";
				CLANG_CXX_LIBRARY = "libc++";
				CLANG_ENABLE_MODULES = YES;
				CLANG_ENABLE_OBJC_ARC = YES;
				CLANG_ENABLE_OBJC_WEAK = YES;
				CLANG_WARN_BLOCK_CAPTURE_AUTORELEASING = YES;
				CLANG_WARN_BOOL_CONVERSION = YES;
				CLANG_WARN_COMMA = YES;
				CLANG_WARN_CONSTANT_CONVERSION = YES;
				CLANG_WARN_DEPRECATED_OBJC_IMPLEMENTATIONS = YES;
				CLANG_WARN_DIRECT_OBJC_ISA_USAGE = YES_ERROR;
				CLANG_WARN_DOCUMENTATION_COMMENTS = YES;
				CLANG_WARN_EMPTY_BODY = YES;
				CLANG_WARN_ENUM_CONVERSION = YES;
				CLANG_WARN_INFINITE_RECURSION = YES;
				CLANG_WARN_INT_CONVERSION = YES;
				CLANG_WARN_NON_LITERAL_NULL_CONVERSION = YES;
				CLANG_WARN_OBJC_IMPLICIT_RETAIN_SELF = YES;
				CLANG_WARN_OBJC_LITERAL_CONVERSION = YES;
				CLANG_WARN_OBJC_ROOT_CLASS = YES_ERROR;
				CLANG_WARN_RANGE_LOOP_ANALYSIS = YES;
				CLANG_WARN_STRICT_PROTOTYPES = YES;
				CLANG_WARN_SUSPICIOUS_MOVE = YES;
				CLANG_WARN_UNGUARDED_AVAILABILITY = YES_AGGRESSIVE;
				CLANG_WARN_UNREACHABLE_CODE = YES;
				CLANG_WARN__DUPLICATE_METHOD_MATCH = YES;
				CODE_SIGN_IDENTITY = "iPhone Developer";
				COPY_PHASE_STRIP = NO;
				DEBUG_INFORMATION_FORMAT = "dwarf-with-dsym";
				ENABLE_NS_ASSERTIONS = NO;
				ENABLE_STRICT_OBJC_MSGSEND = YES;
				GCC_C_LANGUAGE_STANDARD = gnu11;
				GCC_NO_COMMON_BLOCKS = YES;
				GCC_WARN_64_TO_32_BIT_CONVERSION = YES;
				GCC_WARN_ABOUT_RETURN_TYPE = YES_ERROR;
				GCC_WARN_UNDECLARED_SELECTOR = YES;
				GCC_WARN_UNINITIALIZED_AUTOS = YES_AGGRESSIVE;
				GCC_WARN_UNUSED_FUNCTION = YES;
				GCC_WARN_UNUSED_VARIABLE = YES;
				IPHONEOS_DEPLOYMENT_TARGET = 12.0;
				MTL_ENABLE_DEBUG_INFO = NO;
				MTL_FAST_MATH = YES;
				SDKROOT = iphoneos;
				SWIFT_COMPILATION_MODE = wholemodule;
				SWIFT_OPTIMIZATION_LEVEL = "-O";
				VALIDATE_PRODUCT = YES;
			};
			name = Release;
		};
		BBD4D289218BE6F200854167 /* Debug */ = {
			isa = XCBuildConfiguration;
			buildSettings = {
				ASSETCATALOG_COMPILER_APPICON_NAME = AppIcon;
				CLANG_ENABLE_MODULES = YES;
				CODE_SIGN_STYLE = Automatic;
				DEVELOPMENT_TEAM = 97FKU45XH7;
				INFOPLIST_FILE = GiftBanner/Info.plist;
				LD_RUNPATH_SEARCH_PATHS = (
					"$(inherited)",
					"@executable_path/Frameworks",
				);
				PRODUCT_BUNDLE_IDENTIFIER = com.fr.GiftBanner;
				PRODUCT_NAME = "$(TARGET_NAME)";
				SWIFT_OBJC_BRIDGING_HEADER = "GiftBanner/GiftBanner-Bridging-Header.h";
				SWIFT_OPTIMIZATION_LEVEL = "-Onone";
				SWIFT_VERSION = 4.2;
				TARGETED_DEVICE_FAMILY = "1,2";
			};
			name = Debug;
		};
		BBD4D28A218BE6F200854167 /* Release */ = {
			isa = XCBuildConfiguration;
			buildSettings = {
				ASSETCATALOG_COMPILER_APPICON_NAME = AppIcon;
				CLANG_ENABLE_MODULES = YES;
				CODE_SIGN_STYLE = Automatic;
				DEVELOPMENT_TEAM = 97FKU45XH7;
				INFOPLIST_FILE = GiftBanner/Info.plist;
				LD_RUNPATH_SEARCH_PATHS = (
					"$(inherited)",
					"@executable_path/Frameworks",
				);
				PRODUCT_BUNDLE_IDENTIFIER = com.fr.GiftBanner;
				PRODUCT_NAME = "$(TARGET_NAME)";
				SWIFT_OBJC_BRIDGING_HEADER = "GiftBanner/GiftBanner-Bridging-Header.h";
				SWIFT_VERSION = 4.2;
				TARGETED_DEVICE_FAMILY = "1,2";
			};
			name = Release;
		};
/* End XCBuildConfiguration section */

/* Begin XCConfigurationList section */
		BBD4D271218BE6F100854167 /* Build configuration list for PBXProject "GiftBanner" */ = {
			isa = XCConfigurationList;
			buildConfigurations = (
				BBD4D286218BE6F200854167 /* Debug */,
				BBD4D287218BE6F200854167 /* Release */,
			);
			defaultConfigurationIsVisible = 0;
			defaultConfigurationName = Release;
		};
		BBD4D288218BE6F200854167 /* Build configuration list for PBXNativeTarget "GiftBanner" */ = {
			isa = XCConfigurationList;
			buildConfigurations = (
				BBD4D289218BE6F200854167 /* Debug */,
				BBD4D28A218BE6F200854167 /* Release */,
			);
			defaultConfigurationIsVisible = 0;
			defaultConfigurationName = Release;
		};
/* End XCConfigurationList section */
	};
	rootObject = BBD4D26E218BE6F100854167 /* Project object */;
}
