// !$*UTF8*$!
{
	archiveVersion = 1;
	classes = {
	};
	objectVersion = 50;
	objects = {

/* Begin PBXBuildFile section */
		BBD4D27A218BE6F100854167 /* AppDelegate.swift in Sources */ = {isa = PBXBuildFile; fileRef = BBD4D279218BE6F100854167 /* AppDelegate.swift */; };
		BBD4D27C218BE6F100854167 /* ViewController.swift in Sources */ = {isa = PBXBuildFile; fileRef = BBD4D27B218BE6F100854167 /* ViewController.swift */; };
		BBD4D27F218BE6F100854167 /* Main.storyboard in Resources */ = {isa = PBXBuildFile; fileRef = BBD4D27D218BE6F100854167 /* Main.storyboard */; };
		BBD4D281218BE6F200854167 /* Assets.xcassets in Resources */ = {isa = PBXBuildFile; fileRef = BBD4D280218BE6F200854167 /* Assets.xcassets */; };
		BBD4D284218BE6F200854167 /* LaunchScreen.storyboard in Resources */ = {isa = PBXBuildFile; fileRef = BBD4D282218BE6F200854167 /* LaunchScreen.storyboard */; };
		BBD4D28D218BEB1F00854167 /* GiftBannerViewController.swift in Sources */ = {isa = PBXBuildFile; fileRef = BBD4D28C218BEB1F00854167 /* GiftBannerViewController.swift */; };
		BBD4D28F218BEB3700854167 /* GiftBannerModel.swift in Sources */ = {isa = PBXBuildFile; fileRef = BBD4D28E218BEB3700854167 /* GiftBannerModel.swift */; };
		BBD4D291218BEB4900854167 /* GiftBannerCell.swift in Sources */ = {isa = PBXBuildFile; fileRef = BBD4D290218BEB4900854167 /* GiftBannerCell.swift */; };
		BBD4D293218BEEA100854167 /* GiftBannerGiftCell.swift in Sources */ = {isa = PBXBuildFile; fileRef = BBD4D292218BEEA100854167 /* GiftBannerGiftCell.swift */; };
/* End PBXBuildFile section */

/* Begin PBXFileReference section */
		BBD4D276218BE6F100854167 /* GiftBanner.app */ = {isa = PBXFileReference; explicitFileType = wrapper.application; includeInIndex = 0; path = GiftBanner.app; sourceTree = BUILT_PRODUCTS_DIR; };
		BBD4D279218BE6F100854167 /* AppDelegate.swift */ = {isa = PBXFileReference; lastKnownFileType = sourcecode.swift; path = AppDelegate.swift; sourceTree = "<group>"; };
		BBD4D27B218BE6F100854167 /* ViewController.swift */ = {isa = PBXFileReference; lastKnownFileType = sourcecode.swift; path = ViewController.swift; sourceTree = "<group>"; };
		BBD4D27E218BE6F100854167 /* Base */ = {isa = PBXFileReference; lastKnownFileType = file.storyboard; name = Base; path = Base.lproj/Main.storyboard; sourceTree = "<group>"; };
		BBD4D280218BE6F200854167 /* Assets.xcassets */ = {isa = PBXFileReference; lastKnownFileType = folder.assetcatalog; path = Assets.xcassets; sourceTree = "<group>"; };
		BBD4D283218BE6F200854167 /* Base */ = {isa = PBXFileReference; lastKnownFileType = file.storyboard; name = Base; path = Base.lproj/LaunchScreen.storyboard; sourceTree = "<group>"; };
		BBD4D285218BE6F200854167 /* Info.plist */ = {isa = PBXFileReference; lastKnownFileType = text.plist.xml; path = Info.plist; sourceTree = "<group>"; };
		BBD4D28C218BEB1F00854167 /* GiftBannerViewController.swift */ = {isa = PBXFileReference; lastKnownFileType = sourcecode.swift; path = GiftBannerViewController.swift; sourceTree = "<group>"; };
		BBD4D28E218BEB3700854167 /* GiftBannerModel.swift */ = {isa = PBXFileReference; lastKnownFileType = sourcecode.swift; path = GiftBannerModel.swift; sourceTree = "<group>"; };
		BBD4D290218BEB4900854167 /* GiftBannerCell.swift */ = {isa = PBXFileReference; lastKnownFileType = sourcecode.swift; path = GiftBannerCell.swift; sourceTree = "<group>"; };
		BBD4D292218BEEA100854167 /* GiftBannerGiftCell.swift */ = {isa = PBXFileReference; lastKnownFileType = sourcecode.swift; path = GiftBannerGiftCell.swift; sourceTree = "<group>"; };
/* End PBXFileReference section */

/* Begin PBXFrameworksBuildPhase section */
		BBD4D273218BE6F100854167 /* Frameworks */ = {
			isa = PBXFrameworksBuildPhase;
			buildActionMask = 2147483647;
			files = (
			);
			runOnlyForDeploymentPostprocessing = 0;
		};
/* End PBXFrameworksBuildPhase section */

/* Begin PBXGroup section */
		BBD4D26D218BE6F100854167 = {
			isa = PBXGroup;
			children = (
				BBD4D278218BE6F100854167 /* GiftBanner */,
				BBD4D277218BE6F100854167 /* Products */,
			);
			sourceTree = "<group>";
		};
		BBD4D277218BE6F100854167 /* Products */ = {
			isa = PBXGroup;
			children = (
				BBD4D276218BE6F100854167 /* GiftBanner.app */,
			);
			name = Products;
			sourceTree = "<group>";
		};
		BBD4D278218BE6F100854167 /* GiftBanner */ = {
			isa = PBXGroup;
			children = (
				BBD4D28B218BEB0600854167 /* GiftBannerView */,
				BBD4D279218BE6F100854167 /* AppDelegate.swift */,
				BBD4D27B218BE6F100854167 /* ViewController.swift */,
				BBD4D27D218BE6F100854167 /* Main.storyboard */,
				BBD4D280218BE6F200854167 /* Assets.xcassets */,
				BBD4D282218BE6F200854167 /* LaunchScreen.storyboard */,
				BBD4D285218BE6F200854167 /* Info.plist */,
			);
			path = GiftBanner;
			sourceTree = "<group>";
		};
		BBD4D28B218BEB0600854167 /* GiftBannerView */ = {
			isa = PBXGroup;
			children = (
				BBD4D28C218BEB1F00854167 /* GiftBannerViewController.swift */,
				BBD4D28E218BEB3700854167 /* GiftBannerModel.swift */,
				BBD4D290218BEB4900854167 /* GiftBannerCell.swift */,
				BBD4D292218BEEA100854167 /* GiftBannerGiftCell.swift */,
			);
			path = GiftBannerView;
			sourceTree = "<group>";
		};
/* End PBXGroup section */

/* Begin PBXNativeTarget section */
		BBD4D275218BE6F100854167 /* GiftBanner */ = {
			isa = PBXNativeTarget;
			buildConfigurationList = BBD4D288218BE6F200854167 /* Build configuration list for PBXNativeTarget "GiftBanner" */;
			buildPhases = (
				BBD4D272218BE6F100854167 /* Sources */,
				BBD4D273218BE6F100854167 /* Frameworks */,
				BBD4D274218BE6F100854167 /* Resources */,
			);
			buildRules = (
			);
			dependencies = (
			);
			name = GiftBanner;
			productName = GiftBanner;
			productReference = BBD4D276218BE6F100854167 /* GiftBanner.app */;
			productType = "com.apple.product-type.application";
		};
/* End PBXNativeTarget section */

/* Begin PBXProject section */
		BBD4D26E218BE6F100854167 /* Project object */ = {
			isa = PBXProject;
			attributes = {
				LastSwiftUpdateCheck = 1000;
				LastUpgradeCheck = 1000;
				ORGANIZATIONNAME = Frank_s;
				TargetAttributes = {
					BBD4D275218BE6F100854167 = {
						CreatedOnToolsVersion = 10.0;
					};
				};
			};
			buildConfigurationList = BBD4D271218BE6F100854167 /* Build configuration list for PBXProject "GiftBanner" */;
			compatibilityVersion = "Xcode 9.3";
			developmentRegion = en;
			hasScannedForEncodings = 0;
			knownRegions = (
				en,
				Base,
			);
			mainGroup = BBD4D26D218BE6F100854167;
			productRefGroup = BBD4D277218BE6F100854167 /* Products */;
			projectDirPath = "";
			projectRoot = "";
			targets = (
				BBD4D275218BE6F100854167 /* GiftBanner */,
			);
		};
/* End PBXProject section */

/* Begin PBXResourcesBuildPhase section */
		BBD4D274218BE6F100854167 /* Resources */ = {
			isa = PBXResourcesBuildPhase;
			buildActionMask = 2147483647;
			files = (
				BBD4D284218BE6F200854167 /* LaunchScreen.storyboard in Resources */,
				BBD4D281218BE6F200854167 /* Assets.xcassets in Resources */,
				BBD4D27F218BE6F100854167 /* Main.storyboard in Resources */,
			);
			runOnlyForDeploymentPostprocessing = 0;
		};
/* End PBXResourcesBuildPhase section */

/* Begin PBXSourcesBuildPhase section */
		BBD4D272218BE6F100854167 /* Sources */ = {
			isa = PBXSourcesBuildPhase;
			buildActionMask = 2147483647;
			files = (
				BBD4D27C218BE6F100854167 /* ViewController.swift in Sources */,
				BBD4D291218BEB4900854167 /* GiftBannerCell.swift in Sources */,
				BBD4D28F218BEB3700854167 /* GiftBannerModel.swift in Sources */,
				BBD4D27A218BE6F100854167 /* AppDelegate.swift in Sources */,
				BBD4D28D218BEB1F00854167 /* GiftBannerViewController.swift in Sources */,
				BBD4D293218BEEA100854167 /* GiftBannerGiftCell.swift in Sources */,
			);
			runOnlyForDeploymentPostprocessing = 0;
		};
/* End PBXSourcesBuildPhase section */

/* Begin PBXVariantGroup section */
		BBD4D27D218BE6F100854167 /* Main.storyboard */ = {
			isa = PBXVariantGroup;
			children = (
				BBD4D27E218BE6F100854167 /* Base */,
			);
			name = Main.storyboard;
			sourceTree = "<group>";
		};
		BBD4D282218BE6F200854167 /* LaunchScreen.storyboard */ = {
			isa = PBXVariantGroup;
			children = (
				BBD4D283218BE6F200854167 /* Base */,
			);
			name = LaunchScreen.storyboard;
			sourceTree = "<group>";
		};
/* End PBXVariantGroup section */

/* Begin XCBuildConfiguration section */
		BBD4D286218BE6F200854167 /* Debug */ = {
			isa = XCBuildConfiguration;
			buildSettings = {
				ALWAYS_SEARCH_USER_PATHS = NO;
				CLANG_ANALYZER_NONNULL = YES;
				CLANG_ANALYZER_NUMBER_OBJECT_CONVERSION = YES_AGGRESSIVE;
				CLANG_CXX_LANGUAGE_STANDARD = "gnu++14";
				CLANG_CXX_LIBRARY = "libc++";
				CLANG_ENABLE_MODULES = YES;
				CLANG_ENABLE_OBJC_ARC = YES;
				CLANG_ENABLE_OBJC_WEAK = YES;
				CLANG_WARN_BLOCK_CAPTURE_AUTORELEASING = YES;
				CLANG_WARN_BOOL_CONVERSION = YES;
				CLANG_WARN_COMMA = YES;
				CLANG_WARN_CONSTANT_CONVERSION = YES;
				CLANG_WARN_DEPRECATED_OBJC_IMPLEMENTATIONS = YES;
				CLANG_WARN_DIRECT_OBJC_ISA_USAGE = YES_ERROR;
				CLANG_WARN_DOCUMENTATION_COMMENTS = YES;
				CLANG_WARN_EMPTY_BODY = YES;
				CLANG_WARN_ENUM_CONVERSION = YES;
				CLANG_WARN_INFINITE_RECURSION = YES;
				CLANG_WARN_INT_CONVERSION = YES;
				CLANG_WARN_NON_LITERAL_NULL_CONVERSION = YES;
				CLANG_WARN_OBJC_IMPLICIT_RETAIN_SELF = YES;
				CLANG_WARN_OBJC_LITERAL_CONVERSION = YES;
				CLANG_WARN_OBJC_ROOT_CLASS = YES_ERROR;
				CLANG_WARN_RANGE_LOOP_ANALYSIS = YES;
				CLANG_WARN_STRICT_PROTOTYPES = YES;
				CLANG_WARN_SUSPICIOUS_MOVE = YES;
				CLANG_WARN_UNGUARDED_AVAILABILITY = YES_AGGRESSIVE;
				CLANG_WARN_UNREACHABLE_CODE = YES;
				CLANG_WARN__DUPLICATE_METHOD_MATCH = YES;
				CODE_SIGN_IDENTITY = "iPhone Developer";
				COPY_PHASE_STRIP = NO;
				DEBUG_INFORMATION_FORMAT = dwarf;
				ENABLE_STRICT_OBJC_MSGSEND = YES;
				ENABLE_TESTABILITY = YES;
				GCC_C_LANGUAGE_STANDARD = gnu11;
				GCC_DYNAMIC_NO_PIC = NO;
				GCC_NO_COMMON_BLOCKS = YES;
				GCC_OPTIMIZATION_LEVEL = 0;
				GCC_PREPROCESSOR_DEFINITIONS = (
					"DEBUG=1",
					"$(inherited)",
				);
				GCC_WARN_64_TO_32_BIT_CONVERSION = YES;
				GCC_WARN_ABOUT_RETURN_TYPE = YES_ERROR;
				GCC_WARN_UNDECLARED_SELECTOR = YES;
				GCC_WARN_UNINITIALIZED_AUTOS = YES_AGGRESSIVE;
				GCC_WARN_UNUSED_FUNCTION = YES;
				GCC_WARN_UNUSED_VARIABLE = YES;
				IPHONEOS_DEPLOYMENT_TARGET = 12.0;
				MTL_ENABLE_DEBUG_INFO = INCLUDE_SOURCE;
				MTL_FAST_MATH = YES;
				ONLY_ACTIVE_ARCH = YES;
				SDKROOT = iphoneos;
				SWIFT_ACTIVE_COMPILATION_CONDITIONS = DEBUG;
				SWIFT_OPTIMIZATION_LEVEL = "-Onone";
			};
			name = Debug;
		};
		BBD4D287218BE6F200854167 /* Release */ = {
			isa = XCBuildConfiguration;
			buildSettings = {
				ALWAYS_SEARCH_USER_PATHS = NO;
				CLANG_ANALYZER_NONNULL = YES;
				CLANG_ANALYZER_NUMBER_OBJECT_CONVERSION = YES_AGGRESSIVE;
				CLANG_CXX_LANGUAGE_STANDARD = "gnu++14";
				CLANG_CXX_LIBRARY = "libc++";
				CLANG_ENABLE_MODULES = YES;
				CLANG_ENABLE_OBJC_ARC = YES;
				CLANG_ENABLE_OBJC_WEAK = YES;
				CLANG_WARN_BLOCK_CAPTURE_AUTORELEASING = YES;
				CLANG_WARN_BOOL_CONVERSION = YES;
				CLANG_WARN_COMMA = YES;
				CLANG_WARN_CONSTANT_CONVERSION = YES;
				CLANG_WARN_DEPRECATED_OBJC_IMPLEMENTATIONS = YES;
				CLANG_WARN_DIRECT_OBJC_ISA_USAGE = YES_ERROR;
				CLANG_WARN_DOCUMENTATION_COMMENTS = YES;
				CLANG_WARN_EMPTY_BODY = YES;
				CLANG_WARN_ENUM_CONVERSION = YES;
				CLANG_WARN_INFINITE_RECURSION = YES;
				CLANG_WARN_INT_CONVERSION = YES;
				CLANG_WARN_NON_LITERAL_NULL_CONVERSION = YES;
				CLANG_WARN_OBJC_IMPLICIT_RETAIN_SELF = YES;
				CLANG_WARN_OBJC_LITERAL_CONVERSION = YES;
				CLANG_WARN_OBJC_ROOT_CLASS = YES_ERROR;
				CLANG_WARN_RANGE_LOOP_ANALYSIS = YES;
				CLANG_WARN_STRICT_PROTOTYPES = YES;
				CLANG_WARN_SUSPICIOUS_MOVE = YES;
				CLANG_WARN_UNGUARDED_AVAILABILITY = YES_AGGRESSIVE;
				CLANG_WARN_UNREACHABLE_CODE = YES;
				CLANG_WARN__DUPLICATE_METHOD_MATCH = YES;
				CODE_SIGN_IDENTITY = "iPhone Developer";
				COPY_PHASE_STRIP = NO;
				DEBUG_INFORMATION_FORMAT = "dwarf-with-dsym";
				ENABLE_NS_ASSERTIONS = NO;
				ENABLE_STRICT_OBJC_MSGSEND = YES;
				GCC_C_LANGUAGE_STANDARD = gnu11;
				GCC_NO_COMMON_BLOCKS = YES;
				GCC_WARN_64_TO_32_BIT_CONVERSION = YES;
				GCC_WARN_ABOUT_RETURN_TYPE = YES_ERROR;
				GCC_WARN_UNDECLARED_SELECTOR = YES;
				GCC_WARN_UNINITIALIZED_AUTOS = YES_AGGRESSIVE;
				GCC_WARN_UNUSED_FUNCTION = YES;
				GCC_WARN_UNUSED_VARIABLE = YES;
				IPHONEOS_DEPLOYMENT_TARGET = 12.0;
				MTL_ENABLE_DEBUG_INFO = NO;
				MTL_FAST_MATH = YES;
				SDKROOT = iphoneos;
				SWIFT_COMPILATION_MODE = wholemodule;
				SWIFT_OPTIMIZATION_LEVEL = "-O";
				VALIDATE_PRODUCT = YES;
			};
			name = Release;
		};
		BBD4D289218BE6F200854167 /* Debug */ = {
			isa = XCBuildConfiguration;
			buildSettings = {
				ASSETCATALOG_COMPILER_APPICON_NAME = AppIcon;
				CODE_SIGN_STYLE = Automatic;
				INFOPLIST_FILE = GiftBanner/Info.plist;
				LD_RUNPATH_SEARCH_PATHS = (
					"$(inherited)",
					"@executable_path/Frameworks",
				);
				PRODUCT_BUNDLE_IDENTIFIER = com.fr.GiftBanner;
				PRODUCT_NAME = "$(TARGET_NAME)";
				SWIFT_VERSION = 4.2;
				TARGETED_DEVICE_FAMILY = "1,2";
			};
			name = Debug;
		};
		BBD4D28A218BE6F200854167 /* Release */ = {
			isa = XCBuildConfiguration;
			buildSettings = {
				ASSETCATALOG_COMPILER_APPICON_NAME = AppIcon;
				CODE_SIGN_STYLE = Automatic;
				INFOPLIST_FILE = GiftBanner/Info.plist;
				LD_RUNPATH_SEARCH_PATHS = (
					"$(inherited)",
					"@executable_path/Frameworks",
				);
				PRODUCT_BUNDLE_IDENTIFIER = com.fr.GiftBanner;
				PRODUCT_NAME = "$(TARGET_NAME)";
				SWIFT_VERSION = 4.2;
				TARGETED_DEVICE_FAMILY = "1,2";
			};
			name = Release;
		};
/* End XCBuildConfiguration section */

/* Begin XCConfigurationList section */
		BBD4D271218BE6F100854167 /* Build configuration list for PBXProject "GiftBanner" */ = {
			isa = XCConfigurationList;
			buildConfigurations = (
				BBD4D286218BE6F200854167 /* Debug */,
				BBD4D287218BE6F200854167 /* Release */,
			);
			defaultConfigurationIsVisible = 0;
			defaultConfigurationName = Release;
		};
		BBD4D288218BE6F200854167 /* Build configuration list for PBXNativeTarget "GiftBanner" */ = {
			isa = XCConfigurationList;
			buildConfigurations = (
				BBD4D289218BE6F200854167 /* Debug */,
				BBD4D28A218BE6F200854167 /* Release */,
			);
			defaultConfigurationIsVisible = 0;
			defaultConfigurationName = Release;
		};
/* End XCConfigurationList section */
	};
	rootObject = BBD4D26E218BE6F100854167 /* Project object */;
}
